
Microsoft Visual Studio Solution File, Format Version 12.00
# Visual Studio Version 17
VisualStudioVersion = 17.8.34511.84
MinimumVisualStudioVersion = 10.0.40219.1
Project("{FAE04EC0-301F-11D3-BF4B-00C04F79EFBC}") = "WindowsFormsApp1", "WindowsFormsApp1.csproj", "{D56FA444-FA92-4359-A305-0C7B067B27DA}"
EndProject
Global
	GlobalSection(SolutionConfigurationPlatforms) = preSolution
		Debug|Any CPU = Debug|Any CPU
		Release|Any CPU = Release|Any CPU
	EndGlobalSection
	GlobalSection(ProjectConfigurationPlatforms) = postSolution
		{D56FA444-FA92-4359-A305-0C7B067B27DA}.Debug|Any CPU.ActiveCfg = Debug|Any CPU
		{D56FA444-FA92-4359-A305-0C7B067B27DA}.Debug|Any CPU.Build.0 = Debug|Any CPU
		{D56FA444-FA92-4359-A305-0C7B067B27DA}.Release|Any CPU.ActiveCfg = Release|Any CPU
		{D56FA444-FA92-4359-A305-0C7B067B27DA}.Release|Any CPU.Build.0 = Release|Any CPU
	EndGlobalSection
	GlobalSection(SolutionProperties) = preSolution
		HideSolutionNode = FALSE
	EndGlobalSection
	GlobalSection(ExtensibilityGlobals) = postSolution
		SolutionGuid = {1E89E282-D395-4D92-9FB7-EB1056A4FF12}
	EndGlobalSection
EndGlobal
